
Microsoft Visual Studio Solution File, Format Version 12.00
# Visual Studio Version 16
VisualStudioVersion = 16.0.31321.278
MinimumVisualStudioVersion = 10.0.40219.1
Project("{888888A0-9F3D-457C-B088-3A5042F75D52}") = "Tesis- Clasificación de actividad volcánica", "Tesis- Clasificación de actividad volcánica.pyproj", "{82B5A450-9FD0-4894-8693-264049CF1C1B}"
EndProject
Global
	GlobalSection(SolutionConfigurationPlatforms) = preSolution
		Debug|Any CPU = Debug|Any CPU
		Release|Any CPU = Release|Any CPU
	EndGlobalSection
	GlobalSection(ProjectConfigurationPlatforms) = postSolution
		{82B5A450-9FD0-4894-8693-264049CF1C1B}.Debug|Any CPU.ActiveCfg = Debug|Any CPU
		{82B5A450-9FD0-4894-8693-264049CF1C1B}.Release|Any CPU.ActiveCfg = Release|Any CPU
	EndGlobalSection
	GlobalSection(SolutionProperties) = preSolution
		HideSolutionNode = FALSE
	EndGlobalSection
	GlobalSection(ExtensibilityGlobals) = postSolution
		SolutionGuid = {A4215146-B4C9-47AD-AA48-959F544C1051}
	EndGlobalSection
EndGlobal
